
Microsoft Visual Studio Solution File, Format Version 12.00
# Visual Studio 15
VisualStudioVersion = 15.0.27703.2042
MinimumVisualStudioVersion = 10.0.40219.1
Project("{FAE04EC0-301F-11D3-BF4B-00C04F79EFBC}") = "OnlineShop", "OnlineShop\OnlineShop.csproj", "{DF598658-57D5-4BB8-8B15-29FCC05453ED}"
EndProject
Project("{FAE04EC0-301F-11D3-BF4B-00C04F79EFBC}") = "Model", "Model\Model.csproj", "{EB34F0FF-04DF-4CEB-8913-47FC452FB4F0}"
EndProject
Global
	GlobalSection(SolutionConfigurationPlatforms) = preSolution
		Debug|Any CPU = Debug|Any CPU
		Release|Any CPU = Release|Any CPU
	EndGlobalSection
	GlobalSection(ProjectConfigurationPlatforms) = postSolution
		{DF598658-57D5-4BB8-8B15-29FCC05453ED}.Debug|Any CPU.ActiveCfg = Debug|Any CPU
		{DF598658-57D5-4BB8-8B15-29FCC05453ED}.Debug|Any CPU.Build.0 = Debug|Any CPU
		{DF598658-57D5-4BB8-8B15-29FCC05453ED}.Release|Any CPU.ActiveCfg = Release|Any CPU
		{DF598658-57D5-4BB8-8B15-29FCC05453ED}.Release|Any CPU.Build.0 = Release|Any CPU
		{EB34F0FF-04DF-4CEB-8913-47FC452FB4F0}.Debug|Any CPU.ActiveCfg = Debug|Any CPU
		{EB34F0FF-04DF-4CEB-8913-47FC452FB4F0}.Debug|Any CPU.Build.0 = Debug|Any CPU
		{EB34F0FF-04DF-4CEB-8913-47FC452FB4F0}.Release|Any CPU.ActiveCfg = Release|Any CPU
		{EB34F0FF-04DF-4CEB-8913-47FC452FB4F0}.Release|Any CPU.Build.0 = Release|Any CPU
	EndGlobalSection
	GlobalSection(SolutionProperties) = preSolution
		HideSolutionNode = FALSE
	EndGlobalSection
	GlobalSection(ExtensibilityGlobals) = postSolution
		SolutionGuid = {E2F910A7-E907-4AA0-9A87-3A216C3670F3}
	EndGlobalSection
	GlobalSection(TeamFoundationVersionControl) = preSolution
		SccNumberOfProjects = 3
		SccEnterpriseProvider = {4CA58AB2-18FA-4F8D-95D4-32DDF27D184C}
		SccTeamFoundationServer = https://letiendungsolution.visualstudio.com/
		SccLocalPath0 = .
		SccProjectUniqueName1 = Model\\Model.csproj
		SccProjectName1 = Model
		SccLocalPath1 = Model
		SccProjectUniqueName2 = OnlineShop\\OnlineShop.csproj
		SccProjectName2 = OnlineShop
		SccLocalPath2 = OnlineShop
	EndGlobalSection
EndGlobal
